// !$*UTF8*$!
{
	archiveVersion = 1;
	classes = {
	};
	objectVersion = 56;
	objects = {

/* Begin PBXBuildFile section */
		A10000000000000000000001 /* DukeXApp.swift in Sources */ = {isa = PBXBuildFile; fileRef = A10000000000000000000011 /* DukeXApp.swift */; };
		A10000000000000000000002 /* ContentView.swift in Sources */ = {isa = PBXBuildFile; fileRef = A10000000000000000000012 /* ContentView.swift */; };
		A10000000000000000000003 /* EmulatorFileStore.swift in Sources */ = {isa = PBXBuildFile; fileRef = A10000000000000000000013 /* EmulatorFileStore.swift */; };
		A10000000000000000000004 /* XemuLaunchPlan.swift in Sources */ = {isa = PBXBuildFile; fileRef = A10000000000000000000014 /* XemuLaunchPlan.swift */; };
		A10000000000000000000005 /* Assets.xcassets in Resources */ = {isa = PBXBuildFile; fileRef = A10000000000000000000015 /* Assets.xcassets */; };
		A10000000000000000000006 /* EmulatorCoreRuntime.swift in Sources */ = {isa = PBXBuildFile; fileRef = A10000000000000000000018 /* EmulatorCoreRuntime.swift */; };
		A10000000000000000000007 /* EarlyMetalDiagnostics.m in Sources */ = {isa = PBXBuildFile; fileRef = A10000000000000000000019 /* EarlyMetalDiagnostics.m */; };
		B10000000000000000000001 /* GamesLibraryView.swift in Sources */ = {isa = PBXBuildFile; fileRef = B10000000000000000000011 /* GamesLibraryView.swift */; };
		B10000000000000000000002 /* ProfileView.swift in Sources */ = {isa = PBXBuildFile; fileRef = B10000000000000000000012 /* ProfileView.swift */; };
		B10000000000000000000003 /* DocumentImportPicker.swift in Sources */ = {isa = PBXBuildFile; fileRef = B10000000000000000000013 /* DocumentImportPicker.swift */; };
		B10000000000000000000004 /* SettingsRows.swift in Sources */ = {isa = PBXBuildFile; fileRef = B10000000000000000000014 /* SettingsRows.swift */; };
		B10000000000000000000005 /* AutoJITCoordinator.swift in Sources */ = {isa = PBXBuildFile; fileRef = B10000000000000000000015 /* AutoJITCoordinator.swift */; };
		B10000000000000000000006 /* LaunchPlanView.swift in Sources */ = {isa = PBXBuildFile; fileRef = B10000000000000000000016 /* LaunchPlanView.swift */; };
		B10000000000000000000007 /* NativeMetalPresenterHost.swift in Sources */ = {isa = PBXBuildFile; fileRef = B10000000000000000000017 /* NativeMetalPresenterHost.swift */; };
		B10000000000000000000008 /* XISOGameTitleReader.swift in Sources */ = {isa = PBXBuildFile; fileRef = B10000000000000000000018 /* XISOGameTitleReader.swift */; };
		B10000000000000000000009 /* EmulatorLibraryModels.swift in Sources */ = {isa = PBXBuildFile; fileRef = B10000000000000000000019 /* EmulatorLibraryModels.swift */; };
		B1000000000000000000000A /* InsigniaProfileStore.swift in Sources */ = {isa = PBXBuildFile; fileRef = B1000000000000000000001A /* InsigniaProfileStore.swift */; };
		B1000000000000000000000B /* SettingsView.swift in Sources */ = {isa = PBXBuildFile; fileRef = B1000000000000000000001B /* SettingsView.swift */; };
		C10000000000000000000001 /* AppNotifications.swift in Sources */ = {isa = PBXBuildFile; fileRef = C10000000000000000000011 /* AppNotifications.swift */; };
		C10000000000000000000002 /* GameControllerBootstrap.swift in Sources */ = {isa = PBXBuildFile; fileRef = C10000000000000000000012 /* GameControllerBootstrap.swift */; };
		C10000000000000000000003 /* MetalDiagnostics.swift in Sources */ = {isa = PBXBuildFile; fileRef = C10000000000000000000013 /* MetalDiagnostics.swift */; };
		C10000000000000000000004 /* GameCoverTile.swift in Sources */ = {isa = PBXBuildFile; fileRef = C10000000000000000000014 /* GameCoverTile.swift */; };
		C10000000000000000000005 /* GamesEmptyState.swift in Sources */ = {isa = PBXBuildFile; fileRef = C10000000000000000000015 /* GamesEmptyState.swift */; };
		C10000000000000000000006 /* ProfileLoginView.swift in Sources */ = {isa = PBXBuildFile; fileRef = C10000000000000000000016 /* ProfileLoginView.swift */; };
		C10000000000000000000007 /* ProfileRows.swift in Sources */ = {isa = PBXBuildFile; fileRef = C10000000000000000000017 /* ProfileRows.swift */; };
		C10000000000000000000008 /* NativeMetalPresenterSession.swift in Sources */ = {isa = PBXBuildFile; fileRef = C10000000000000000000018 /* NativeMetalPresenterSession.swift */; };
		C10000000000000000000009 /* NativeMetalPresenterViewController.swift in Sources */ = {isa = PBXBuildFile; fileRef = C10000000000000000000019 /* NativeMetalPresenterViewController.swift */; };
		C1000000000000000000000A /* GameplayExitOverlayView.swift in Sources */ = {isa = PBXBuildFile; fileRef = C1000000000000000000001A /* GameplayExitOverlayView.swift */; };
		C1000000000000000000000B /* DisplayStatsModels.swift in Sources */ = {isa = PBXBuildFile; fileRef = C1000000000000000000001B /* DisplayStatsModels.swift */; };
		C1000000000000000000000C /* DisplayStatsBridge.swift in Sources */ = {isa = PBXBuildFile; fileRef = C1000000000000000000001C /* DisplayStatsBridge.swift */; };
		C1000000000000000000000D /* AppResourceMonitor.swift in Sources */ = {isa = PBXBuildFile; fileRef = C1000000000000000000001D /* AppResourceMonitor.swift */; };
		C1000000000000000000000E /* StatsHUDView.swift in Sources */ = {isa = PBXBuildFile; fileRef = C1000000000000000000001E /* StatsHUDView.swift */; };
		C1000000000000000000000F /* NativeMetalPresenterView.swift in Sources */ = {isa = PBXBuildFile; fileRef = C1000000000000000000001F /* NativeMetalPresenterView.swift */; };
		C10000000000000000000010 /* LayerConfigurators.swift in Sources */ = {isa = PBXBuildFile; fileRef = C10000000000000000000020 /* LayerConfigurators.swift */; };
		D20000000000000000000001 /* AppTheme.swift in Sources */ = {isa = PBXBuildFile; fileRef = D20000000000000000000011 /* AppTheme.swift */; };
		D20000000000000000000002 /* NostalgicDotBackgroundView.swift in Sources */ = {isa = PBXBuildFile; fileRef = D20000000000000000000012 /* NostalgicDotBackgroundView.swift */; };
		E10000000000000000000001 /* LiveStatusBadge.swift in Sources */ = {isa = PBXBuildFile; fileRef = E10000000000000000000011 /* LiveStatusBadge.swift */; };
		E10000000000000000000002 /* InsigniaLiveStatusStore.swift in Sources */ = {isa = PBXBuildFile; fileRef = E10000000000000000000012 /* InsigniaLiveStatusStore.swift */; };
		F10000000000000000000001 /* GameLibrarySortMode.swift in Sources */ = {isa = PBXBuildFile; fileRef = F10000000000000000000011 /* GameLibrarySortMode.swift */; };
		F10000000000000000000002 /* GameLibraryCollections.swift in Sources */ = {isa = PBXBuildFile; fileRef = F10000000000000000000012 /* GameLibraryCollections.swift */; };
		F10000000000000000000003 /* GameLibraryGridMetrics.swift in Sources */ = {isa = PBXBuildFile; fileRef = F10000000000000000000013 /* GameLibraryGridMetrics.swift */; };
		F10000000000000000000004 /* GameSortPicker.swift in Sources */ = {isa = PBXBuildFile; fileRef = F10000000000000000000014 /* GameSortPicker.swift */; };
		F10000000000000000000005 /* LibraryColumnSettingsView.swift in Sources */ = {isa = PBXBuildFile; fileRef = F10000000000000000000015 /* LibraryColumnSettingsView.swift */; };
		F20000000000000000000001 /* GameListRow.swift in Sources */ = {isa = PBXBuildFile; fileRef = F20000000000000000000011 /* GameListRow.swift */; };
		F20000000000000000000002 /* GameMetadataStore.swift in Sources */ = {isa = PBXBuildFile; fileRef = F20000000000000000000012 /* GameMetadataStore.swift */; };
		F20000000000000000000003 /* GameMetadataEditorView.swift in Sources */ = {isa = PBXBuildFile; fileRef = F20000000000000000000013 /* GameMetadataEditorView.swift */; };
		G30000000000000000000001 /* ManicSkinModels.swift in Sources */ = {isa = PBXBuildFile; fileRef = G30000000000000000000011 /* ManicSkinModels.swift */; };
		G30000000000000000000002 /* ManicSkinVirtualController.swift in Sources */ = {isa = PBXBuildFile; fileRef = G30000000000000000000012 /* ManicSkinVirtualController.swift */; };
		G30000000000000000000003 /* ManicSkinTouchControlsView.swift in Sources */ = {isa = PBXBuildFile; fileRef = G30000000000000000000013 /* ManicSkinTouchControlsView.swift */; };
		G30000000000000000000004 /* Skins in Resources */ = {isa = PBXBuildFile; fileRef = G30000000000000000000014 /* Skins */; };
		H40000000000000000000001 /* SkinSettingsView.swift in Sources */ = {isa = PBXBuildFile; fileRef = H40000000000000000000011 /* SkinSettingsView.swift */; };
/* End PBXBuildFile section */

/* Begin PBXFileReference section */
		A10000000000000000000010 /* DukeX.app */ = {isa = PBXFileReference; explicitFileType = wrapper.application; includeInIndex = 0; path = DukeX.app; sourceTree = BUILT_PRODUCTS_DIR; };
		A10000000000000000000011 /* DukeXApp.swift */ = {isa = PBXFileReference; lastKnownFileType = sourcecode.swift; path = DukeXApp.swift; sourceTree = "<group>"; };
		A10000000000000000000012 /* ContentView.swift */ = {isa = PBXFileReference; lastKnownFileType = sourcecode.swift; path = ContentView.swift; sourceTree = "<group>"; };
		A10000000000000000000013 /* EmulatorFileStore.swift */ = {isa = PBXFileReference; lastKnownFileType = sourcecode.swift; path = EmulatorFileStore.swift; sourceTree = "<group>"; };
		A10000000000000000000014 /* XemuLaunchPlan.swift */ = {isa = PBXFileReference; lastKnownFileType = sourcecode.swift; path = XemuLaunchPlan.swift; sourceTree = "<group>"; };
		A10000000000000000000015 /* Assets.xcassets */ = {isa = PBXFileReference; lastKnownFileType = folder.assetcatalog; path = Assets.xcassets; sourceTree = "<group>"; };
		A10000000000000000000016 /* Info.plist */ = {isa = PBXFileReference; lastKnownFileType = text.plist.xml; path = Info.plist; sourceTree = "<group>"; };
		A10000000000000000000017 /* DukeX.entitlements */ = {isa = PBXFileReference; lastKnownFileType = text.plist.entitlements; path = DukeX.entitlements; sourceTree = "<group>"; };
		A10000000000000000000018 /* EmulatorCoreRuntime.swift */ = {isa = PBXFileReference; lastKnownFileType = sourcecode.swift; path = EmulatorCoreRuntime.swift; sourceTree = "<group>"; };
		A10000000000000000000019 /* EarlyMetalDiagnostics.m */ = {isa = PBXFileReference; lastKnownFileType = sourcecode.c.objc; path = EarlyMetalDiagnostics.m; sourceTree = "<group>"; };
		B10000000000000000000011 /* GamesLibraryView.swift */ = {isa = PBXFileReference; lastKnownFileType = sourcecode.swift; path = GamesLibraryView.swift; sourceTree = "<group>"; };
		B10000000000000000000012 /* ProfileView.swift */ = {isa = PBXFileReference; lastKnownFileType = sourcecode.swift; path = ProfileView.swift; sourceTree = "<group>"; };
		B10000000000000000000013 /* DocumentImportPicker.swift */ = {isa = PBXFileReference; lastKnownFileType = sourcecode.swift; path = DocumentImportPicker.swift; sourceTree = "<group>"; };
		B10000000000000000000014 /* SettingsRows.swift */ = {isa = PBXFileReference; lastKnownFileType = sourcecode.swift; path = SettingsRows.swift; sourceTree = "<group>"; };
		B10000000000000000000015 /* AutoJITCoordinator.swift */ = {isa = PBXFileReference; lastKnownFileType = sourcecode.swift; path = AutoJITCoordinator.swift; sourceTree = "<group>"; };
		B10000000000000000000016 /* LaunchPlanView.swift */ = {isa = PBXFileReference; lastKnownFileType = sourcecode.swift; path = LaunchPlanView.swift; sourceTree = "<group>"; };
		B10000000000000000000017 /* NativeMetalPresenterHost.swift */ = {isa = PBXFileReference; lastKnownFileType = sourcecode.swift; path = NativeMetalPresenterHost.swift; sourceTree = "<group>"; };
		B10000000000000000000018 /* XISOGameTitleReader.swift */ = {isa = PBXFileReference; lastKnownFileType = sourcecode.swift; path = XISOGameTitleReader.swift; sourceTree = "<group>"; };
		B10000000000000000000019 /* EmulatorLibraryModels.swift */ = {isa = PBXFileReference; lastKnownFileType = sourcecode.swift; path = EmulatorLibraryModels.swift; sourceTree = "<group>"; };
		B1000000000000000000001A /* InsigniaProfileStore.swift */ = {isa = PBXFileReference; lastKnownFileType = sourcecode.swift; path = InsigniaProfileStore.swift; sourceTree = "<group>"; };
		B1000000000000000000001B /* SettingsView.swift */ = {isa = PBXFileReference; lastKnownFileType = sourcecode.swift; path = SettingsView.swift; sourceTree = "<group>"; };
		C10000000000000000000011 /* AppNotifications.swift */ = {isa = PBXFileReference; lastKnownFileType = sourcecode.swift; path = AppNotifications.swift; sourceTree = "<group>"; };
		C10000000000000000000012 /* GameControllerBootstrap.swift */ = {isa = PBXFileReference; lastKnownFileType = sourcecode.swift; path = GameControllerBootstrap.swift; sourceTree = "<group>"; };
		C10000000000000000000013 /* MetalDiagnostics.swift */ = {isa = PBXFileReference; lastKnownFileType = sourcecode.swift; path = MetalDiagnostics.swift; sourceTree = "<group>"; };
		C10000000000000000000014 /* GameCoverTile.swift */ = {isa = PBXFileReference; lastKnownFileType = sourcecode.swift; path = GameCoverTile.swift; sourceTree = "<group>"; };
		C10000000000000000000015 /* GamesEmptyState.swift */ = {isa = PBXFileReference; lastKnownFileType = sourcecode.swift; path = GamesEmptyState.swift; sourceTree = "<group>"; };
		C10000000000000000000016 /* ProfileLoginView.swift */ = {isa = PBXFileReference; lastKnownFileType = sourcecode.swift; path = ProfileLoginView.swift; sourceTree = "<group>"; };
		C10000000000000000000017 /* ProfileRows.swift */ = {isa = PBXFileReference; lastKnownFileType = sourcecode.swift; path = ProfileRows.swift; sourceTree = "<group>"; };
		C10000000000000000000018 /* NativeMetalPresenterSession.swift */ = {isa = PBXFileReference; lastKnownFileType = sourcecode.swift; path = NativeMetalPresenterSession.swift; sourceTree = "<group>"; };
		C10000000000000000000019 /* NativeMetalPresenterViewController.swift */ = {isa = PBXFileReference; lastKnownFileType = sourcecode.swift; path = NativeMetalPresenterViewController.swift; sourceTree = "<group>"; };
		C1000000000000000000001A /* GameplayExitOverlayView.swift */ = {isa = PBXFileReference; lastKnownFileType = sourcecode.swift; path = GameplayExitOverlayView.swift; sourceTree = "<group>"; };
		C1000000000000000000001B /* DisplayStatsModels.swift */ = {isa = PBXFileReference; lastKnownFileType = sourcecode.swift; path = DisplayStatsModels.swift; sourceTree = "<group>"; };
		C1000000000000000000001C /* DisplayStatsBridge.swift */ = {isa = PBXFileReference; lastKnownFileType = sourcecode.swift; path = DisplayStatsBridge.swift; sourceTree = "<group>"; };
		C1000000000000000000001D /* AppResourceMonitor.swift */ = {isa = PBXFileReference; lastKnownFileType = sourcecode.swift; path = AppResourceMonitor.swift; sourceTree = "<group>"; };
		C1000000000000000000001E /* StatsHUDView.swift */ = {isa = PBXFileReference; lastKnownFileType = sourcecode.swift; path = StatsHUDView.swift; sourceTree = "<group>"; };
		C1000000000000000000001F /* NativeMetalPresenterView.swift */ = {isa = PBXFileReference; lastKnownFileType = sourcecode.swift; path = NativeMetalPresenterView.swift; sourceTree = "<group>"; };
		C10000000000000000000020 /* LayerConfigurators.swift */ = {isa = PBXFileReference; lastKnownFileType = sourcecode.swift; path = LayerConfigurators.swift; sourceTree = "<group>"; };
		D20000000000000000000011 /* AppTheme.swift */ = {isa = PBXFileReference; lastKnownFileType = sourcecode.swift; path = AppTheme.swift; sourceTree = "<group>"; };
		D20000000000000000000012 /* NostalgicDotBackgroundView.swift */ = {isa = PBXFileReference; lastKnownFileType = sourcecode.swift; path = NostalgicDotBackgroundView.swift; sourceTree = "<group>"; };
		E10000000000000000000011 /* LiveStatusBadge.swift */ = {isa = PBXFileReference; lastKnownFileType = sourcecode.swift; path = LiveStatusBadge.swift; sourceTree = "<group>"; };
		E10000000000000000000012 /* InsigniaLiveStatusStore.swift */ = {isa = PBXFileReference; lastKnownFileType = sourcecode.swift; path = InsigniaLiveStatusStore.swift; sourceTree = "<group>"; };
		F10000000000000000000011 /* GameLibrarySortMode.swift */ = {isa = PBXFileReference; lastKnownFileType = sourcecode.swift; path = GameLibrarySortMode.swift; sourceTree = "<group>"; };
		F10000000000000000000012 /* GameLibraryCollections.swift */ = {isa = PBXFileReference; lastKnownFileType = sourcecode.swift; path = GameLibraryCollections.swift; sourceTree = "<group>"; };
		F10000000000000000000013 /* GameLibraryGridMetrics.swift */ = {isa = PBXFileReference; lastKnownFileType = sourcecode.swift; path = GameLibraryGridMetrics.swift; sourceTree = "<group>"; };
		F10000000000000000000014 /* GameSortPicker.swift */ = {isa = PBXFileReference; lastKnownFileType = sourcecode.swift; path = GameSortPicker.swift; sourceTree = "<group>"; };
		F10000000000000000000015 /* LibraryColumnSettingsView.swift */ = {isa = PBXFileReference; lastKnownFileType = sourcecode.swift; path = LibraryColumnSettingsView.swift; sourceTree = "<group>"; };
		F20000000000000000000011 /* GameListRow.swift */ = {isa = PBXFileReference; lastKnownFileType = sourcecode.swift; path = GameListRow.swift; sourceTree = "<group>"; };
		F20000000000000000000012 /* GameMetadataStore.swift */ = {isa = PBXFileReference; lastKnownFileType = sourcecode.swift; path = GameMetadataStore.swift; sourceTree = "<group>"; };
		F20000000000000000000013 /* GameMetadataEditorView.swift */ = {isa = PBXFileReference; lastKnownFileType = sourcecode.swift; path = GameMetadataEditorView.swift; sourceTree = "<group>"; };
		G30000000000000000000011 /* ManicSkinModels.swift */ = {isa = PBXFileReference; lastKnownFileType = sourcecode.swift; path = ManicSkinModels.swift; sourceTree = "<group>"; };
		G30000000000000000000012 /* ManicSkinVirtualController.swift */ = {isa = PBXFileReference; lastKnownFileType = sourcecode.swift; path = ManicSkinVirtualController.swift; sourceTree = "<group>"; };
		G30000000000000000000013 /* ManicSkinTouchControlsView.swift */ = {isa = PBXFileReference; lastKnownFileType = sourcecode.swift; path = ManicSkinTouchControlsView.swift; sourceTree = "<group>"; };
		G30000000000000000000014 /* Skins */ = {isa = PBXFileReference; lastKnownFileType = folder; path = Skins; sourceTree = "<group>"; };
		H40000000000000000000011 /* SkinSettingsView.swift */ = {isa = PBXFileReference; lastKnownFileType = sourcecode.swift; path = SkinSettingsView.swift; sourceTree = "<group>"; };
/* End PBXFileReference section */

/* Begin PBXFrameworksBuildPhase section */
		A10000000000000000000020 /* Frameworks */ = {
			isa = PBXFrameworksBuildPhase;
			buildActionMask = 2147483647;
			files = (
			);
			runOnlyForDeploymentPostprocessing = 0;
		};
/* End PBXFrameworksBuildPhase section */

/* Begin PBXGroup section */
		A10000000000000000000030 = {
			isa = PBXGroup;
			children = (
				A10000000000000000000031 /* DukeX */,
				A10000000000000000000032 /* Products */,
			);
			sourceTree = "<group>";
		};
		A10000000000000000000031 /* DukeX */ = {
			isa = PBXGroup;
			children = (
				D10000000000000000000100 /* App */,
				D10000000000000000000110 /* Features */,
				D10000000000000000000120 /* Runtime */,
				D10000000000000000000130 /* Library */,
				D10000000000000000000140 /* Presenter */,
				D10000000000000000000150 /* Services */,
				D10000000000000000000160 /* Resources */,
			);
			path = DukeX;
			sourceTree = "<group>";
		};
		A10000000000000000000032 /* Products */ = {
			isa = PBXGroup;
			children = (
				A10000000000000000000010 /* DukeX.app */,
			);
			name = Products;
			sourceTree = "<group>";
		};
		D10000000000000000000100 /* App */ = {
			isa = PBXGroup;
			children = (
				A10000000000000000000011 /* DukeXApp.swift */,
				A10000000000000000000012 /* ContentView.swift */,
				D20000000000000000000011 /* AppTheme.swift */,
				D20000000000000000000012 /* NostalgicDotBackgroundView.swift */,
				C10000000000000000000011 /* AppNotifications.swift */,
				C10000000000000000000012 /* GameControllerBootstrap.swift */,
				C10000000000000000000013 /* MetalDiagnostics.swift */,
			);
			path = App;
			sourceTree = "<group>";
		};
		D10000000000000000000110 /* Features */ = {
			isa = PBXGroup;
			children = (
				D10000000000000000000111 /* Games */,
				D10000000000000000000112 /* Profile */,
				D10000000000000000000113 /* Settings */,
				D10000000000000000000114 /* Launch */,
			);
			path = Features;
			sourceTree = "<group>";
		};
		D10000000000000000000111 /* Games */ = {
			isa = PBXGroup;
			children = (
				B10000000000000000000011 /* GamesLibraryView.swift */,
				F10000000000000000000100 /* Components */,
				F10000000000000000000101 /* State */,
				F10000000000000000000102 /* Layout */,
				F20000000000000000000101 /* Metadata */,
			);
			path = Games;
			sourceTree = "<group>";
		};
		F10000000000000000000100 /* Components */ = {
			isa = PBXGroup;
			children = (
				C10000000000000000000014 /* GameCoverTile.swift */,
				C10000000000000000000015 /* GamesEmptyState.swift */,
				F20000000000000000000011 /* GameListRow.swift */,
				E10000000000000000000011 /* LiveStatusBadge.swift */,
				F10000000000000000000014 /* GameSortPicker.swift */,
			);
			path = Components;
			sourceTree = "<group>";
		};
		F10000000000000000000101 /* State */ = {
			isa = PBXGroup;
			children = (
				F10000000000000000000011 /* GameLibrarySortMode.swift */,
				F10000000000000000000012 /* GameLibraryCollections.swift */,
			);
			path = State;
			sourceTree = "<group>";
		};
		F10000000000000000000102 /* Layout */ = {
			isa = PBXGroup;
			children = (
				F10000000000000000000013 /* GameLibraryGridMetrics.swift */,
			);
			path = Layout;
			sourceTree = "<group>";
		};
		F20000000000000000000101 /* Metadata */ = {
			isa = PBXGroup;
			children = (
				F20000000000000000000013 /* GameMetadataEditorView.swift */,
			);
			path = Metadata;
			sourceTree = "<group>";
		};
		D10000000000000000000112 /* Profile */ = {
			isa = PBXGroup;
			children = (
				B10000000000000000000012 /* ProfileView.swift */,
				C10000000000000000000016 /* ProfileLoginView.swift */,
				C10000000000000000000017 /* ProfileRows.swift */,
			);
			path = Profile;
			sourceTree = "<group>";
		};
		D10000000000000000000113 /* Settings */ = {
			isa = PBXGroup;
			children = (
				B1000000000000000000001B /* SettingsView.swift */,
				B10000000000000000000014 /* SettingsRows.swift */,
				H40000000000000000000020 /* Skins */,
				F10000000000000000000103 /* Library */,
			);
			path = Settings;
			sourceTree = "<group>";
		};
		H40000000000000000000020 /* Skins */ = {
			isa = PBXGroup;
			children = (
				H40000000000000000000011 /* SkinSettingsView.swift */,
			);
			path = Skins;
			sourceTree = "<group>";
		};
		F10000000000000000000103 /* Library */ = {
			isa = PBXGroup;
			children = (
				F10000000000000000000015 /* LibraryColumnSettingsView.swift */,
			);
			path = Library;
			sourceTree = "<group>";
		};
		D10000000000000000000114 /* Launch */ = {
			isa = PBXGroup;
			children = (
				B10000000000000000000016 /* LaunchPlanView.swift */,
			);
			path = Launch;
			sourceTree = "<group>";
		};
		D10000000000000000000120 /* Runtime */ = {
			isa = PBXGroup;
			children = (
				D10000000000000000000121 /* Core */,
				D10000000000000000000122 /* JIT */,
				D10000000000000000000123 /* LaunchPlan */,
			);
			path = Runtime;
			sourceTree = "<group>";
		};
		D10000000000000000000121 /* Core */ = {
			isa = PBXGroup;
			children = (
				A10000000000000000000018 /* EmulatorCoreRuntime.swift */,
			);
			path = Core;
			sourceTree = "<group>";
		};
		D10000000000000000000122 /* JIT */ = {
			isa = PBXGroup;
			children = (
				B10000000000000000000015 /* AutoJITCoordinator.swift */,
			);
			path = JIT;
			sourceTree = "<group>";
		};
		D10000000000000000000123 /* LaunchPlan */ = {
			isa = PBXGroup;
			children = (
				A10000000000000000000014 /* XemuLaunchPlan.swift */,
			);
			path = LaunchPlan;
			sourceTree = "<group>";
		};
		D10000000000000000000130 /* Library */ = {
			isa = PBXGroup;
			children = (
				D10000000000000000000131 /* Store */,
				D10000000000000000000132 /* Models */,
				D10000000000000000000133 /* Import */,
			);
			path = Library;
			sourceTree = "<group>";
		};
		D10000000000000000000131 /* Store */ = {
			isa = PBXGroup;
			children = (
				A10000000000000000000013 /* EmulatorFileStore.swift */,
			);
			path = Store;
			sourceTree = "<group>";
		};
		D10000000000000000000132 /* Models */ = {
			isa = PBXGroup;
			children = (
				B10000000000000000000019 /* EmulatorLibraryModels.swift */,
			);
			path = Models;
			sourceTree = "<group>";
		};
		D10000000000000000000133 /* Import */ = {
			isa = PBXGroup;
			children = (
				B10000000000000000000013 /* DocumentImportPicker.swift */,
				B10000000000000000000018 /* XISOGameTitleReader.swift */,
			);
			path = Import;
			sourceTree = "<group>";
		};
		D10000000000000000000140 /* Presenter */ = {
			isa = PBXGroup;
			children = (
				B10000000000000000000017 /* NativeMetalPresenterHost.swift */,
					C10000000000000000000018 /* NativeMetalPresenterSession.swift */,
					C10000000000000000000019 /* NativeMetalPresenterViewController.swift */,
					G30000000000000000000100 /* ManicSkin */,
					D10000000000000000000141 /* Metal */,
					D10000000000000000000142 /* HUD */,
					D10000000000000000000143 /* ExitOverlay */,
				);
			path = Presenter;
			sourceTree = "<group>";
		};
		D10000000000000000000141 /* Metal */ = {
			isa = PBXGroup;
			children = (
				C1000000000000000000001F /* NativeMetalPresenterView.swift */,
				C10000000000000000000020 /* LayerConfigurators.swift */,
			);
			path = Metal;
			sourceTree = "<group>";
		};
		D10000000000000000000142 /* HUD */ = {
			isa = PBXGroup;
			children = (
				C1000000000000000000001B /* DisplayStatsModels.swift */,
				C1000000000000000000001C /* DisplayStatsBridge.swift */,
				C1000000000000000000001D /* AppResourceMonitor.swift */,
				C1000000000000000000001E /* StatsHUDView.swift */,
			);
			path = HUD;
			sourceTree = "<group>";
		};
		D10000000000000000000143 /* ExitOverlay */ = {
			isa = PBXGroup;
			children = (
				C1000000000000000000001A /* GameplayExitOverlayView.swift */,
			);
				path = ExitOverlay;
				sourceTree = "<group>";
			};
			G30000000000000000000100 /* ManicSkin */ = {
				isa = PBXGroup;
				children = (
					G30000000000000000000011 /* ManicSkinModels.swift */,
					G30000000000000000000012 /* ManicSkinVirtualController.swift */,
					G30000000000000000000013 /* ManicSkinTouchControlsView.swift */,
				);
				path = ManicSkin;
				sourceTree = "<group>";
			};
			D10000000000000000000150 /* Services */ = {
				isa = PBXGroup;
			children = (
				D10000000000000000000151 /* Insignia */,
				F20000000000000000000100 /* GameMetadata */,
			);
			path = Services;
			sourceTree = "<group>";
		};
		D10000000000000000000151 /* Insignia */ = {
			isa = PBXGroup;
			children = (
				B1000000000000000000001A /* InsigniaProfileStore.swift */,
				E10000000000000000000012 /* InsigniaLiveStatusStore.swift */,
			);
			path = Insignia;
			sourceTree = "<group>";
		};
		F20000000000000000000100 /* GameMetadata */ = {
			isa = PBXGroup;
			children = (
				F20000000000000000000012 /* GameMetadataStore.swift */,
			);
			path = GameMetadata;
			sourceTree = "<group>";
		};
		D10000000000000000000160 /* Resources */ = {
			isa = PBXGroup;
			children = (
					A10000000000000000000019 /* EarlyMetalDiagnostics.m */,
					A10000000000000000000015 /* Assets.xcassets */,
					G30000000000000000000014 /* Skins */,
					A10000000000000000000016 /* Info.plist */,
					A10000000000000000000017 /* DukeX.entitlements */,
				);
			name = Resources;
			sourceTree = "<group>";
		};
/* End PBXGroup section */

/* Begin PBXNativeTarget section */
		A10000000000000000000040 /* DukeX */ = {
			isa = PBXNativeTarget;
			buildConfigurationList = A10000000000000000000070 /* Build configuration list for PBXNativeTarget "DukeX" */;
			buildPhases = (
				A10000000000000000000050 /* Sources */,
				A10000000000000000000020 /* Frameworks */,
				A10000000000000000000051 /* Resources */,
				A10000000000000000000052 /* Embed Core Runtime */,
			);
			buildRules = (
			);
			dependencies = (
			);
			name = DukeX;
			productName = DukeX;
			productReference = A10000000000000000000010 /* DukeX.app */;
			productType = "com.apple.product-type.application";
		};
/* End PBXNativeTarget section */

/* Begin PBXProject section */
		A10000000000000000000060 /* Project object */ = {
			isa = PBXProject;
			attributes = {
				BuildIndependentTargetsInParallel = 1;
				LastSwiftUpdateCheck = 2640;
				LastUpgradeCheck = 2640;
				TargetAttributes = {
					A10000000000000000000040 = {
						CreatedOnToolsVersion = 26.4.1;
					};
				};
			};
			buildConfigurationList = A10000000000000000000061 /* Build configuration list for PBXProject "DukeX" */;
			compatibilityVersion = "Xcode 14.0";
			developmentRegion = en;
			hasScannedForEncodings = 0;
			knownRegions = (
				en,
				Base,
			);
			mainGroup = A10000000000000000000030;
			productRefGroup = A10000000000000000000032 /* Products */;
			projectDirPath = "";
			projectRoot = "";
			targets = (
				A10000000000000000000040 /* DukeX */,
			);
		};
/* End PBXProject section */

/* Begin PBXResourcesBuildPhase section */
		A10000000000000000000051 /* Resources */ = {
			isa = PBXResourcesBuildPhase;
			buildActionMask = 2147483647;
			files = (
				A10000000000000000000005 /* Assets.xcassets in Resources */,
				G30000000000000000000004 /* Skins in Resources */,
			);
			runOnlyForDeploymentPostprocessing = 0;
		};
/* End PBXResourcesBuildPhase section */

/* Begin PBXShellScriptBuildPhase section */
		A10000000000000000000052 /* Embed Core Runtime */ = {
			isa = PBXShellScriptBuildPhase;
			buildActionMask = 2147483647;
			files = (
			);
			inputFileListPaths = (
			);
				inputPaths = (
					"$(SRCROOT)/../scripts/embed-core-ios.sh",
					"$(SRCROOT)/../../build-ios-arm64/libxemu-ios-core.dylib",
					"$(SRCROOT)/../../build-ios-arm64/subprojects/slirp/libslirp.0.dylib",
				);
			name = "Embed Core Runtime";
			outputFileListPaths = (
			);
				outputPaths = (
					"$(TARGET_BUILD_DIR)/$(FRAMEWORKS_FOLDER_PATH)/libxemu-ios-core.dylib",
					"$(TARGET_BUILD_DIR)/$(FRAMEWORKS_FOLDER_PATH)/libslirp.0.dylib",
				);
			runOnlyForDeploymentPostprocessing = 0;
			shellPath = /bin/sh;
			shellScript = "\"${SRCROOT}/../scripts/embed-core-ios.sh\"\n";
		};
/* End PBXShellScriptBuildPhase section */

/* Begin PBXSourcesBuildPhase section */
		A10000000000000000000050 /* Sources */ = {
			isa = PBXSourcesBuildPhase;
			buildActionMask = 2147483647;
			files = (
				A10000000000000000000001 /* DukeXApp.swift in Sources */,
				A10000000000000000000002 /* ContentView.swift in Sources */,
				D20000000000000000000001 /* AppTheme.swift in Sources */,
				D20000000000000000000002 /* NostalgicDotBackgroundView.swift in Sources */,
				C10000000000000000000001 /* AppNotifications.swift in Sources */,
				C10000000000000000000002 /* GameControllerBootstrap.swift in Sources */,
				C10000000000000000000003 /* MetalDiagnostics.swift in Sources */,
				B10000000000000000000001 /* GamesLibraryView.swift in Sources */,
					C10000000000000000000004 /* GameCoverTile.swift in Sources */,
					C10000000000000000000005 /* GamesEmptyState.swift in Sources */,
					F20000000000000000000001 /* GameListRow.swift in Sources */,
					E10000000000000000000001 /* LiveStatusBadge.swift in Sources */,
					F10000000000000000000001 /* GameLibrarySortMode.swift in Sources */,
					F10000000000000000000002 /* GameLibraryCollections.swift in Sources */,
					F10000000000000000000003 /* GameLibraryGridMetrics.swift in Sources */,
					F10000000000000000000004 /* GameSortPicker.swift in Sources */,
					B10000000000000000000002 /* ProfileView.swift in Sources */,
					C10000000000000000000006 /* ProfileLoginView.swift in Sources */,
					C10000000000000000000007 /* ProfileRows.swift in Sources */,
					B1000000000000000000000A /* InsigniaProfileStore.swift in Sources */,
					E10000000000000000000002 /* InsigniaLiveStatusStore.swift in Sources */,
					F20000000000000000000002 /* GameMetadataStore.swift in Sources */,
					B1000000000000000000000B /* SettingsView.swift in Sources */,
					B10000000000000000000004 /* SettingsRows.swift in Sources */,
					F10000000000000000000005 /* LibraryColumnSettingsView.swift in Sources */,
					H40000000000000000000001 /* SkinSettingsView.swift in Sources */,
					F20000000000000000000003 /* GameMetadataEditorView.swift in Sources */,
					B10000000000000000000003 /* DocumentImportPicker.swift in Sources */,
				B10000000000000000000005 /* AutoJITCoordinator.swift in Sources */,
				B10000000000000000000006 /* LaunchPlanView.swift in Sources */,
				B10000000000000000000009 /* EmulatorLibraryModels.swift in Sources */,
				A10000000000000000000003 /* EmulatorFileStore.swift in Sources */,
				B10000000000000000000008 /* XISOGameTitleReader.swift in Sources */,
				A10000000000000000000006 /* EmulatorCoreRuntime.swift in Sources */,
				A10000000000000000000004 /* XemuLaunchPlan.swift in Sources */,
				B10000000000000000000007 /* NativeMetalPresenterHost.swift in Sources */,
				C10000000000000000000008 /* NativeMetalPresenterSession.swift in Sources */,
				C10000000000000000000009 /* NativeMetalPresenterViewController.swift in Sources */,
				C1000000000000000000000A /* GameplayExitOverlayView.swift in Sources */,
				C1000000000000000000000B /* DisplayStatsModels.swift in Sources */,
				C1000000000000000000000C /* DisplayStatsBridge.swift in Sources */,
				C1000000000000000000000D /* AppResourceMonitor.swift in Sources */,
				C1000000000000000000000E /* StatsHUDView.swift in Sources */,
					C1000000000000000000000F /* NativeMetalPresenterView.swift in Sources */,
					C10000000000000000000010 /* LayerConfigurators.swift in Sources */,
					G30000000000000000000001 /* ManicSkinModels.swift in Sources */,
					G30000000000000000000002 /* ManicSkinVirtualController.swift in Sources */,
					G30000000000000000000003 /* ManicSkinTouchControlsView.swift in Sources */,
					A10000000000000000000007 /* EarlyMetalDiagnostics.m in Sources */,
				);
			runOnlyForDeploymentPostprocessing = 0;
		};
/* End PBXSourcesBuildPhase section */

/* Begin XCBuildConfiguration section */
		A10000000000000000000062 /* Debug */ = {
			isa = XCBuildConfiguration;
			buildSettings = {
				ALWAYS_SEARCH_USER_PATHS = NO;
				CLANG_ANALYZER_NONNULL = YES;
				CLANG_ANALYZER_NUMBER_OBJECT_CONVERSION = YES_AGGRESSIVE;
				CLANG_CXX_LANGUAGE_STANDARD = "gnu++20";
				CLANG_ENABLE_MODULES = YES;
				CLANG_ENABLE_OBJC_ARC = YES;
				CLANG_ENABLE_OBJC_WEAK = YES;
				CLANG_WARN_BLOCK_CAPTURE_AUTORELEASING = YES;
				CLANG_WARN_BOOL_CONVERSION = YES;
				CLANG_WARN_COMMA = YES;
				CLANG_WARN_CONSTANT_CONVERSION = YES;
				CLANG_WARN_DEPRECATED_OBJC_IMPLEMENTATIONS = YES;
				CLANG_WARN_DIRECT_OBJC_ISA_USAGE = YES_ERROR;
				CLANG_WARN_DOCUMENTATION_COMMENTS = YES;
				CLANG_WARN_EMPTY_BODY = YES;
				CLANG_WARN_ENUM_CONVERSION = YES;
				CLANG_WARN_INFINITE_RECURSION = YES;
				CLANG_WARN_INT_CONVERSION = YES;
				CLANG_WARN_NON_LITERAL_NULL_CONVERSION = YES;
				CLANG_WARN_OBJC_IMPLICIT_RETAIN_SELF = YES;
				CLANG_WARN_OBJC_LITERAL_CONVERSION = YES;
				CLANG_WARN_OBJC_ROOT_CLASS = YES_ERROR;
				CLANG_WARN_QUOTED_INCLUDE_IN_FRAMEWORK_HEADER = YES;
				CLANG_WARN_RANGE_LOOP_ANALYSIS = YES;
				CLANG_WARN_STRICT_PROTOTYPES = YES;
				CLANG_WARN_SUSPICIOUS_MOVE = YES;
				CLANG_WARN_UNGUARDED_AVAILABILITY = YES_AGGRESSIVE;
				CLANG_WARN_UNREACHABLE_CODE = YES;
				CLANG_WARN__DUPLICATE_METHOD_MATCH = YES;
				COPY_PHASE_STRIP = NO;
				DEBUG_INFORMATION_FORMAT = dwarf;
				ENABLE_STRICT_OBJC_MSGSEND = YES;
				ENABLE_TESTABILITY = YES;
				ENABLE_USER_SCRIPT_SANDBOXING = NO;
				GCC_C_LANGUAGE_STANDARD = gnu17;
				GCC_DYNAMIC_NO_PIC = NO;
				GCC_NO_COMMON_BLOCKS = YES;
				GCC_OPTIMIZATION_LEVEL = 0;
				GCC_PREPROCESSOR_DEFINITIONS = (
					"DEBUG=1",
					"$(inherited)",
				);
				GCC_WARN_64_TO_32_BIT_CONVERSION = YES;
				GCC_WARN_ABOUT_RETURN_TYPE = YES_ERROR;
				GCC_WARN_UNDECLARED_SELECTOR = YES;
				GCC_WARN_UNINITIALIZED_AUTOS = YES_AGGRESSIVE;
				GCC_WARN_UNUSED_FUNCTION = YES;
				GCC_WARN_UNUSED_VARIABLE = YES;
				IPHONEOS_DEPLOYMENT_TARGET = 18.0;
				MTL_ENABLE_DEBUG_INFO = INCLUDE_SOURCE;
				MTL_FAST_MATH = YES;
				ONLY_ACTIVE_ARCH = YES;
				SDKROOT = iphoneos;
				SWIFT_ACTIVE_COMPILATION_CONDITIONS = DEBUG;
				SWIFT_OPTIMIZATION_LEVEL = "-Onone";
			};
			name = Debug;
		};
		A10000000000000000000063 /* Release */ = {
			isa = XCBuildConfiguration;
			buildSettings = {
				ALWAYS_SEARCH_USER_PATHS = NO;
				CLANG_ANALYZER_NONNULL = YES;
				CLANG_ANALYZER_NUMBER_OBJECT_CONVERSION = YES_AGGRESSIVE;
				CLANG_CXX_LANGUAGE_STANDARD = "gnu++20";
				CLANG_ENABLE_MODULES = YES;
				CLANG_ENABLE_OBJC_ARC = YES;
				CLANG_ENABLE_OBJC_WEAK = YES;
				CLANG_WARN_BLOCK_CAPTURE_AUTORELEASING = YES;
				CLANG_WARN_BOOL_CONVERSION = YES;
				CLANG_WARN_COMMA = YES;
				CLANG_WARN_CONSTANT_CONVERSION = YES;
				CLANG_WARN_DEPRECATED_OBJC_IMPLEMENTATIONS = YES;
				CLANG_WARN_DIRECT_OBJC_ISA_USAGE = YES_ERROR;
				CLANG_WARN_DOCUMENTATION_COMMENTS = YES;
				CLANG_WARN_EMPTY_BODY = YES;
				CLANG_WARN_ENUM_CONVERSION = YES;
				CLANG_WARN_INFINITE_RECURSION = YES;
				CLANG_WARN_INT_CONVERSION = YES;
				CLANG_WARN_NON_LITERAL_NULL_CONVERSION = YES;
				CLANG_WARN_OBJC_IMPLICIT_RETAIN_SELF = YES;
				CLANG_WARN_OBJC_LITERAL_CONVERSION = YES;
				CLANG_WARN_OBJC_ROOT_CLASS = YES_ERROR;
				CLANG_WARN_QUOTED_INCLUDE_IN_FRAMEWORK_HEADER = YES;
				CLANG_WARN_RANGE_LOOP_ANALYSIS = YES;
				CLANG_WARN_STRICT_PROTOTYPES = YES;
				CLANG_WARN_SUSPICIOUS_MOVE = YES;
				CLANG_WARN_UNGUARDED_AVAILABILITY = YES_AGGRESSIVE;
				CLANG_WARN_UNREACHABLE_CODE = YES;
				CLANG_WARN__DUPLICATE_METHOD_MATCH = YES;
				COPY_PHASE_STRIP = NO;
				DEBUG_INFORMATION_FORMAT = "dwarf-with-dsym";
				ENABLE_NS_ASSERTIONS = NO;
				ENABLE_STRICT_OBJC_MSGSEND = YES;
				ENABLE_USER_SCRIPT_SANDBOXING = NO;
				GCC_C_LANGUAGE_STANDARD = gnu17;
				GCC_NO_COMMON_BLOCKS = YES;
				GCC_WARN_64_TO_32_BIT_CONVERSION = YES;
				GCC_WARN_ABOUT_RETURN_TYPE = YES_ERROR;
				GCC_WARN_UNDECLARED_SELECTOR = YES;
				GCC_WARN_UNINITIALIZED_AUTOS = YES_AGGRESSIVE;
				GCC_WARN_UNUSED_FUNCTION = YES;
				GCC_WARN_UNUSED_VARIABLE = YES;
				IPHONEOS_DEPLOYMENT_TARGET = 18.0;
				MTL_ENABLE_DEBUG_INFO = NO;
				MTL_FAST_MATH = YES;
				SDKROOT = iphoneos;
				SWIFT_COMPILATION_MODE = wholemodule;
				VALIDATE_PRODUCT = YES;
			};
			name = Release;
		};
		A10000000000000000000071 /* Debug */ = {
			isa = XCBuildConfiguration;
			buildSettings = {
				ASSETCATALOG_COMPILER_APPICON_NAME = AppIconGC;
				ASSETCATALOG_COMPILER_GLOBAL_ACCENT_COLOR_NAME = AccentColor;
				CODE_SIGN_ENTITLEMENTS = DukeX/DukeX.entitlements;
				CODE_SIGN_STYLE = Automatic;
				CURRENT_PROJECT_VERSION = 100;
					DEVELOPMENT_TEAM = "";
				GENERATE_INFOPLIST_FILE = NO;
				INFOPLIST_FILE = DukeX/Info.plist;
				IPHONEOS_DEPLOYMENT_TARGET = 18.0;
				LD_RUNPATH_SEARCH_PATHS = (
					"$(inherited)",
					"@executable_path/Frameworks",
				);
				MARKETING_VERSION = 1.0.0;
					PRODUCT_BUNDLE_IDENTIFIER = com.mafty.dukex;
				PRODUCT_NAME = DukeX;
				SUPPORTED_PLATFORMS = "iphoneos iphonesimulator";
				SUPPORTS_MACCATALYST = NO;
				SUPPORTS_MAC_DESIGNED_FOR_IPHONE_IPAD = NO;
				SWIFT_EMIT_LOC_STRINGS = YES;
				SWIFT_VERSION = 5.0;
				TARGETED_DEVICE_FAMILY = "1,2";
				XEMU_IOS_DISPLAY_NAME = DukeX;
			};
			name = Debug;
		};
		A10000000000000000000072 /* Release */ = {
			isa = XCBuildConfiguration;
			buildSettings = {
				ASSETCATALOG_COMPILER_APPICON_NAME = AppIconGC;
				ASSETCATALOG_COMPILER_GLOBAL_ACCENT_COLOR_NAME = AccentColor;
				CODE_SIGN_ENTITLEMENTS = DukeX/DukeX.entitlements;
				CODE_SIGN_STYLE = Automatic;
				CURRENT_PROJECT_VERSION = 100;
					DEVELOPMENT_TEAM = "";
				GENERATE_INFOPLIST_FILE = NO;
				INFOPLIST_FILE = DukeX/Info.plist;
				IPHONEOS_DEPLOYMENT_TARGET = 18.0;
				LD_RUNPATH_SEARCH_PATHS = (
					"$(inherited)",
					"@executable_path/Frameworks",
				);
				MARKETING_VERSION = 1.0.0;
					PRODUCT_BUNDLE_IDENTIFIER = com.mafty.dukex;
				PRODUCT_NAME = DukeX;
				SUPPORTED_PLATFORMS = "iphoneos iphonesimulator";
				SUPPORTS_MACCATALYST = NO;
				SUPPORTS_MAC_DESIGNED_FOR_IPHONE_IPAD = NO;
				SWIFT_EMIT_LOC_STRINGS = YES;
				SWIFT_VERSION = 5.0;
				TARGETED_DEVICE_FAMILY = "1,2";
				XEMU_IOS_DISPLAY_NAME = DukeX;
			};
			name = Release;
		};
/* End XCBuildConfiguration section */

/* Begin XCConfigurationList section */
		A10000000000000000000061 /* Build configuration list for PBXProject "DukeX" */ = {
			isa = XCConfigurationList;
			buildConfigurations = (
				A10000000000000000000062 /* Debug */,
				A10000000000000000000063 /* Release */,
			);
			defaultConfigurationIsVisible = 0;
			defaultConfigurationName = Release;
		};
		A10000000000000000000070 /* Build configuration list for PBXNativeTarget "DukeX" */ = {
			isa = XCConfigurationList;
			buildConfigurations = (
				A10000000000000000000071 /* Debug */,
				A10000000000000000000072 /* Release */,
			);
			defaultConfigurationIsVisible = 0;
			defaultConfigurationName = Release;
		};
/* End XCConfigurationList section */
	};
	rootObject = A10000000000000000000060 /* Project object */;
}
